
Microsoft Visual Studio Solution File, Format Version 12.00
# Visual Studio Version 17
VisualStudioVersion = 17.9.34728.123
MinimumVisualStudioVersion = 10.0.40219.1
Project("{FAE04EC0-301F-11D3-BF4B-00C04F79EFBC}") = "Lezione6", "Lezione6\Lezione6.csproj", "{7E4FAEFB-391D-4A76-B77B-EA442339B1B7}"
EndProject
Global
	GlobalSection(SolutionConfigurationPlatforms) = preSolution
		Debug|Any CPU = Debug|Any CPU
		Release|Any CPU = Release|Any CPU
	EndGlobalSection
	GlobalSection(ProjectConfigurationPlatforms) = postSolution
		{7E4FAEFB-391D-4A76-B77B-EA442339B1B7}.Debug|Any CPU.ActiveCfg = Debug|Any CPU
		{7E4FAEFB-391D-4A76-B77B-EA442339B1B7}.Debug|Any CPU.Build.0 = Debug|Any CPU
		{7E4FAEFB-391D-4A76-B77B-EA442339B1B7}.Release|Any CPU.ActiveCfg = Release|Any CPU
		{7E4FAEFB-391D-4A76-B77B-EA442339B1B7}.Release|Any CPU.Build.0 = Release|Any CPU
	EndGlobalSection
	GlobalSection(SolutionProperties) = preSolution
		HideSolutionNode = FALSE
	EndGlobalSection
	GlobalSection(ExtensibilityGlobals) = postSolution
		SolutionGuid = {5DCF2A0D-8067-407E-B885-94CA89E490A4}
	EndGlobalSection
EndGlobal
